// !$*UTF8*$!
{
	archiveVersion = 1;
	classes = {
	};
	objectVersion = 47;
	objects = {

/* Begin PBXBuildFile section */
		FAFDE00B1B052CDA00F74D45 /* main.m in Sources */ = {isa = PBXBuildFile; fileRef = FAFDE00A1B052CDA00F74D45 /* main.m */; };
		FAFDE00E1B052CDA00F74D45 /* AppDelegate.m in Sources */ = {isa = PBXBuildFile; fileRef = FAFDE00D1B052CDA00F74D45 /* AppDelegate.m */; };
		FAFDE0111B052CDA00F74D45 /* MovesInContact.xcdatamodeld in Sources */ = {isa = PBXBuildFile; fileRef = FAFDE00F1B052CDA00F74D45 /* MovesInContact.xcdatamodeld */; };
		FAFDE0141B052CDA00F74D45 /* MasterViewController.m in Sources */ = {isa = PBXBuildFile; fileRef = FAFDE0131B052CDA00F74D45 /* MasterViewController.m */; };
		FAFDE0171B052CDA00F74D45 /* DetailViewController.m in Sources */ = {isa = PBXBuildFile; fileRef = FAFDE0161B052CDA00F74D45 /* DetailViewController.m */; };
		FAFDE01A1B052CDA00F74D45 /* Main.storyboard in Resources */ = {isa = PBXBuildFile; fileRef = FAFDE0181B052CDA00F74D45 /* Main.storyboard */; };
		FAFDE01C1B052CDA00F74D45 /* Images.xcassets in Resources */ = {isa = PBXBuildFile; fileRef = FAFDE01B1B052CDA00F74D45 /* Images.xcassets */; };
		FAFDE01F1B052CDA00F74D45 /* LaunchScreen.xib in Resources */ = {isa = PBXBuildFile; fileRef = FAFDE01D1B052CDA00F74D45 /* LaunchScreen.xib */; };
		FAFDE02B1B052CDA00F74D45 /* MovesInContactTests.m in Sources */ = {isa = PBXBuildFile; fileRef = FAFDE02A1B052CDA00F74D45 /* MovesInContactTests.m */; };
		FAFDE0361B052D7700F74D45 /* CloudKit.framework in Frameworks */ = {isa = PBXBuildFile; fileRef = FAFDE0351B052D7700F74D45 /* CloudKit.framework */; };
		FAFDE0381B052DA000F74D45 /* StoreKit.framework in Frameworks */ = {isa = PBXBuildFile; fileRef = FAFDE0371B052DA000F74D45 /* StoreKit.framework */; };
		FAFDE03A1B052DB200F74D45 /* MapKit.framework in Frameworks */ = {isa = PBXBuildFile; fileRef = FAFDE0391B052DB200F74D45 /* MapKit.framework */; };
		FAFDE03C1B052E7900F74D45 /* HealthKit.framework in Frameworks */ = {isa = PBXBuildFile; fileRef = FAFDE03B1B052E7900F74D45 /* HealthKit.framework */; };
		FAFDE03E1B05338000F74D45 /* Default-568h@2x.png in Resources */ = {isa = PBXBuildFile; fileRef = FAFDE03D1B05338000F74D45 /* Default-568h@2x.png */; };
/* End PBXBuildFile section */

/* Begin PBXContainerItemProxy section */
		FAFDE0251B052CDA00F74D45 /* PBXContainerItemProxy */ = {
			isa = PBXContainerItemProxy;
			containerPortal = FAFDDFFD1B052CDA00F74D45 /* Project object */;
			proxyType = 1;
			remoteGlobalIDString = FAFDE0041B052CDA00F74D45;
			remoteInfo = MovesInContact;
		};
/* End PBXContainerItemProxy section */

/* Begin PBXFileReference section */
		FAFDE0051B052CDA00F74D45 /* MovesInContact.app */ = {isa = PBXFileReference; explicitFileType = wrapper.application; includeInIndex = 0; path = MovesInContact.app; sourceTree = BUILT_PRODUCTS_DIR; };
		FAFDE0091B052CDA00F74D45 /* Info.plist */ = {isa = PBXFileReference; lastKnownFileType = text.plist.xml; path = Info.plist; sourceTree = "<group>"; };
		FAFDE00A1B052CDA00F74D45 /* main.m */ = {isa = PBXFileReference; lastKnownFileType = sourcecode.c.objc; path = main.m; sourceTree = "<group>"; };
		FAFDE00C1B052CDA00F74D45 /* AppDelegate.h */ = {isa = PBXFileReference; lastKnownFileType = sourcecode.c.h; path = AppDelegate.h; sourceTree = "<group>"; };
		FAFDE00D1B052CDA00F74D45 /* AppDelegate.m */ = {isa = PBXFileReference; lastKnownFileType = sourcecode.c.objc; path = AppDelegate.m; sourceTree = "<group>"; };
		FAFDE0101B052CDA00F74D45 /* MovesInContact.xcdatamodel */ = {isa = PBXFileReference; lastKnownFileType = wrapper.xcdatamodel; path = MovesInContact.xcdatamodel; sourceTree = "<group>"; };
		FAFDE0121B052CDA00F74D45 /* MasterViewController.h */ = {isa = PBXFileReference; lastKnownFileType = sourcecode.c.h; path = MasterViewController.h; sourceTree = "<group>"; };
		FAFDE0131B052CDA00F74D45 /* MasterViewController.m */ = {isa = PBXFileReference; lastKnownFileType = sourcecode.c.objc; path = MasterViewController.m; sourceTree = "<group>"; };
		FAFDE0151B052CDA00F74D45 /* DetailViewController.h */ = {isa = PBXFileReference; lastKnownFileType = sourcecode.c.h; path = DetailViewController.h; sourceTree = "<group>"; };
		FAFDE0161B052CDA00F74D45 /* DetailViewController.m */ = {isa = PBXFileReference; lastKnownFileType = sourcecode.c.objc; path = DetailViewController.m; sourceTree = "<group>"; };
		FAFDE0191B052CDA00F74D45 /* Base */ = {isa = PBXFileReference; lastKnownFileType = file.storyboard; name = Base; path = Base.lproj/Main.storyboard; sourceTree = "<group>"; };
		FAFDE01B1B052CDA00F74D45 /* Images.xcassets */ = {isa = PBXFileReference; lastKnownFileType = folder.assetcatalog; path = Images.xcassets; sourceTree = "<group>"; };
		FAFDE01E1B052CDA00F74D45 /* Base */ = {isa = PBXFileReference; lastKnownFileType = file.xib; name = Base; path = Base.lproj/LaunchScreen.xib; sourceTree = "<group>"; };
		FAFDE0241B052CDA00F74D45 /* MovesInContactTests.xctest */ = {isa = PBXFileReference; explicitFileType = wrapper.cfbundle; includeInIndex = 0; path = MovesInContactTests.xctest; sourceTree = BUILT_PRODUCTS_DIR; };
		FAFDE0291B052CDA00F74D45 /* Info.plist */ = {isa = PBXFileReference; lastKnownFileType = text.plist.xml; path = Info.plist; sourceTree = "<group>"; };
		FAFDE02A1B052CDA00F74D45 /* MovesInContactTests.m */ = {isa = PBXFileReference; lastKnownFileType = sourcecode.c.objc; path = MovesInContactTests.m; sourceTree = "<group>"; };
		FAFDE0341B052D5100F74D45 /* MovesInContact.entitlements */ = {isa = PBXFileReference; lastKnownFileType = text.xml; path = MovesInContact.entitlements; sourceTree = "<group>"; };
		FAFDE0351B052D7700F74D45 /* CloudKit.framework */ = {isa = PBXFileReference; lastKnownFileType = wrapper.framework; name = CloudKit.framework; path = System/Library/Frameworks/CloudKit.framework; sourceTree = SDKROOT; };
		FAFDE0371B052DA000F74D45 /* StoreKit.framework */ = {isa = PBXFileReference; lastKnownFileType = wrapper.framework; name = StoreKit.framework; path = System/Library/Frameworks/StoreKit.framework; sourceTree = SDKROOT; };
		FAFDE0391B052DB200F74D45 /* MapKit.framework */ = {isa = PBXFileReference; lastKnownFileType = wrapper.framework; name = MapKit.framework; path = System/Library/Frameworks/MapKit.framework; sourceTree = SDKROOT; };
		FAFDE03B1B052E7900F74D45 /* HealthKit.framework */ = {isa = PBXFileReference; lastKnownFileType = wrapper.framework; name = HealthKit.framework; path = System/Library/Frameworks/HealthKit.framework; sourceTree = SDKROOT; };
		FAFDE03D1B05338000F74D45 /* Default-568h@2x.png */ = {isa = PBXFileReference; lastKnownFileType = image.png; path = "Default-568h@2x.png"; sourceTree = "<group>"; };
/* End PBXFileReference section */

/* Begin PBXFrameworksBuildPhase section */
		FAFDE0021B052CDA00F74D45 /* Frameworks */ = {
			isa = PBXFrameworksBuildPhase;
			buildActionMask = 2147483647;
			files = (
				FAFDE0361B052D7700F74D45 /* CloudKit.framework in Frameworks */,
				FAFDE03C1B052E7900F74D45 /* HealthKit.framework in Frameworks */,
				FAFDE03A1B052DB200F74D45 /* MapKit.framework in Frameworks */,
				FAFDE0381B052DA000F74D45 /* StoreKit.framework in Frameworks */,
			);
			runOnlyForDeploymentPostprocessing = 0;
		};
		FAFDE0211B052CDA00F74D45 /* Frameworks */ = {
			isa = PBXFrameworksBuildPhase;
			buildActionMask = 2147483647;
			files = (
			);
			runOnlyForDeploymentPostprocessing = 0;
		};
/* End PBXFrameworksBuildPhase section */

/* Begin PBXGroup section */
		FAFDDFFC1B052CD900F74D45 = {
			isa = PBXGroup;
			children = (
				FAFDE03D1B05338000F74D45 /* Default-568h@2x.png */,
				FAFDE03B1B052E7900F74D45 /* HealthKit.framework */,
				FAFDE0391B052DB200F74D45 /* MapKit.framework */,
				FAFDE0371B052DA000F74D45 /* StoreKit.framework */,
				FAFDE0351B052D7700F74D45 /* CloudKit.framework */,
				FAFDE0071B052CDA00F74D45 /* MovesInContact */,
				FAFDE0271B052CDA00F74D45 /* MovesInContactTests */,
				FAFDE0061B052CDA00F74D45 /* Products */,
			);
			sourceTree = "<group>";
		};
		FAFDE0061B052CDA00F74D45 /* Products */ = {
			isa = PBXGroup;
			children = (
				FAFDE0051B052CDA00F74D45 /* MovesInContact.app */,
				FAFDE0241B052CDA00F74D45 /* MovesInContactTests.xctest */,
			);
			name = Products;
			sourceTree = "<group>";
		};
		FAFDE0071B052CDA00F74D45 /* MovesInContact */ = {
			isa = PBXGroup;
			children = (
				FAFDE0341B052D5100F74D45 /* MovesInContact.entitlements */,
				FAFDE00C1B052CDA00F74D45 /* AppDelegate.h */,
				FAFDE00D1B052CDA00F74D45 /* AppDelegate.m */,
				FAFDE0121B052CDA00F74D45 /* MasterViewController.h */,
				FAFDE0131B052CDA00F74D45 /* MasterViewController.m */,
				FAFDE0151B052CDA00F74D45 /* DetailViewController.h */,
				FAFDE0161B052CDA00F74D45 /* DetailViewController.m */,
				FAFDE0181B052CDA00F74D45 /* Main.storyboard */,
				FAFDE01B1B052CDA00F74D45 /* Images.xcassets */,
				FAFDE01D1B052CDA00F74D45 /* LaunchScreen.xib */,
				FAFDE00F1B052CDA00F74D45 /* MovesInContact.xcdatamodeld */,
				FAFDE0081B052CDA00F74D45 /* Supporting Files */,
			);
			path = MovesInContact;
			sourceTree = "<group>";
		};
		FAFDE0081B052CDA00F74D45 /* Supporting Files */ = {
			isa = PBXGroup;
			children = (
				FAFDE0091B052CDA00F74D45 /* Info.plist */,
				FAFDE00A1B052CDA00F74D45 /* main.m */,
			);
			name = "Supporting Files";
			sourceTree = "<group>";
		};
		FAFDE0271B052CDA00F74D45 /* MovesInContactTests */ = {
			isa = PBXGroup;
			children = (
				FAFDE02A1B052CDA00F74D45 /* MovesInContactTests.m */,
				FAFDE0281B052CDA00F74D45 /* Supporting Files */,
			);
			path = MovesInContactTests;
			sourceTree = "<group>";
		};
		FAFDE0281B052CDA00F74D45 /* Supporting Files */ = {
			isa = PBXGroup;
			children = (
				FAFDE0291B052CDA00F74D45 /* Info.plist */,
			);
			name = "Supporting Files";
			sourceTree = "<group>";
		};
/* End PBXGroup section */

/* Begin PBXNativeTarget section */
		FAFDE0041B052CDA00F74D45 /* MovesInContact */ = {
			isa = PBXNativeTarget;
			buildConfigurationList = FAFDE02E1B052CDA00F74D45 /* Build configuration list for PBXNativeTarget "MovesInContact" */;
			buildPhases = (
				FAFDE0011B052CDA00F74D45 /* Sources */,
				FAFDE0021B052CDA00F74D45 /* Frameworks */,
				FAFDE0031B052CDA00F74D45 /* Resources */,
			);
			buildRules = (
			);
			dependencies = (
			);
			name = MovesInContact;
			productName = MovesInContact;
			productReference = FAFDE0051B052CDA00F74D45 /* MovesInContact.app */;
			productType = "com.apple.product-type.application";
		};
		FAFDE0231B052CDA00F74D45 /* MovesInContactTests */ = {
			isa = PBXNativeTarget;
			buildConfigurationList = FAFDE0311B052CDA00F74D45 /* Build configuration list for PBXNativeTarget "MovesInContactTests" */;
			buildPhases = (
				FAFDE0201B052CDA00F74D45 /* Sources */,
				FAFDE0211B052CDA00F74D45 /* Frameworks */,
				FAFDE0221B052CDA00F74D45 /* Resources */,
			);
			buildRules = (
			);
			dependencies = (
				FAFDE0261B052CDA00F74D45 /* PBXTargetDependency */,
			);
			name = MovesInContactTests;
			productName = MovesInContactTests;
			productReference = FAFDE0241B052CDA00F74D45 /* MovesInContactTests.xctest */;
			productType = "com.apple.product-type.bundle.unit-test";
		};
/* End PBXNativeTarget section */

/* Begin PBXProject section */
		FAFDDFFD1B052CDA00F74D45 /* Project object */ = {
			isa = PBXProject;
			attributes = {
				LastUpgradeCheck = 0630;
				ORGANIZATIONNAME = "Alexander Hermann – Beratung, Software, Design";
				TargetAttributes = {
					FAFDE0041B052CDA00F74D45 = {
						CreatedOnToolsVersion = 6.3.1;
						DevelopmentTeam = 6A9K8KGFTQ;
						SystemCapabilities = {
							com.apple.ApplicationGroups.iOS = {
								enabled = 0;
							};
							com.apple.BackgroundModes = {
								enabled = 1;
							};
							com.apple.HealthKit = {
								enabled = 1;
							};
							com.apple.InAppPurchase = {
								enabled = 1;
							};
							com.apple.Keychain = {
								enabled = 1;
							};
							com.apple.Maps.iOS = {
								enabled = 1;
							};
							com.apple.iCloud = {
								enabled = 1;
							};
						};
					};
					FAFDE0231B052CDA00F74D45 = {
						CreatedOnToolsVersion = 6.3.1;
						TestTargetID = FAFDE0041B052CDA00F74D45;
					};
				};
			};
			buildConfigurationList = FAFDE0001B052CDA00F74D45 /* Build configuration list for PBXProject "MovesInContact" */;
			compatibilityVersion = "Xcode 6.3";
			developmentRegion = English;
			hasScannedForEncodings = 0;
			knownRegions = (
				en,
				Base,
			);
			mainGroup = FAFDDFFC1B052CD900F74D45;
			productRefGroup = FAFDE0061B052CDA00F74D45 /* Products */;
			projectDirPath = "";
			projectRoot = "";
			targets = (
				FAFDE0041B052CDA00F74D45 /* MovesInContact */,
				FAFDE0231B052CDA00F74D45 /* MovesInContactTests */,
			);
		};
/* End PBXProject section */

/* Begin PBXResourcesBuildPhase section */
		FAFDE0031B052CDA00F74D45 /* Resources */ = {
			isa = PBXResourcesBuildPhase;
			buildActionMask = 2147483647;
			files = (
				FAFDE01A1B052CDA00F74D45 /* Main.storyboard in Resources */,
				FAFDE03E1B05338000F74D45 /* Default-568h@2x.png in Resources */,
				FAFDE01F1B052CDA00F74D45 /* LaunchScreen.xib in Resources */,
				FAFDE01C1B052CDA00F74D45 /* Images.xcassets in Resources */,
			);
			runOnlyForDeploymentPostprocessing = 0;
		};
		FAFDE0221B052CDA00F74D45 /* Resources */ = {
			isa = PBXResourcesBuildPhase;
			buildActionMask = 2147483647;
			files = (
			);
			runOnlyForDeploymentPostprocessing = 0;
		};
/* End PBXResourcesBuildPhase section */

/* Begin PBXSourcesBuildPhase section */
		FAFDE0011B052CDA00F74D45 /* Sources */ = {
			isa = PBXSourcesBuildPhase;
			buildActionMask = 2147483647;
			files = (
				FAFDE0171B052CDA00F74D45 /* DetailViewController.m in Sources */,
				FAFDE0141B052CDA00F74D45 /* MasterViewController.m in Sources */,
				FAFDE0111B052CDA00F74D45 /* MovesInContact.xcdatamodeld in Sources */,
				FAFDE00E1B052CDA00F74D45 /* AppDelegate.m in Sources */,
				FAFDE00B1B052CDA00F74D45 /* main.m in Sources */,
			);
			runOnlyForDeploymentPostprocessing = 0;
		};
		FAFDE0201B052CDA00F74D45 /* Sources */ = {
			isa = PBXSourcesBuildPhase;
			buildActionMask = 2147483647;
			files = (
				FAFDE02B1B052CDA00F74D45 /* MovesInContactTests.m in Sources */,
			);
			runOnlyForDeploymentPostprocessing = 0;
		};
/* End PBXSourcesBuildPhase section */

/* Begin PBXTargetDependency section */
		FAFDE0261B052CDA00F74D45 /* PBXTargetDependency */ = {
			isa = PBXTargetDependency;
			target = FAFDE0041B052CDA00F74D45 /* MovesInContact */;
			targetProxy = FAFDE0251B052CDA00F74D45 /* PBXContainerItemProxy */;
		};
/* End PBXTargetDependency section */

/* Begin PBXVariantGroup section */
		FAFDE0181B052CDA00F74D45 /* Main.storyboard */ = {
			isa = PBXVariantGroup;
			children = (
				FAFDE0191B052CDA00F74D45 /* Base */,
			);
			name = Main.storyboard;
			sourceTree = "<group>";
		};
		FAFDE01D1B052CDA00F74D45 /* LaunchScreen.xib */ = {
			isa = PBXVariantGroup;
			children = (
				FAFDE01E1B052CDA00F74D45 /* Base */,
			);
			name = LaunchScreen.xib;
			sourceTree = "<group>";
		};
/* End PBXVariantGroup section */

/* Begin XCBuildConfiguration section */
		FAFDE02C1B052CDA00F74D45 /* Debug */ = {
			isa = XCBuildConfiguration;
			buildSettings = {
				ALWAYS_SEARCH_USER_PATHS = NO;
				CLANG_CXX_LANGUAGE_STANDARD = "gnu++0x";
				CLANG_CXX_LIBRARY = "libc++";
				CLANG_ENABLE_MODULES = YES;
				CLANG_ENABLE_OBJC_ARC = YES;
				CLANG_WARN_BOOL_CONVERSION = YES;
				CLANG_WARN_CONSTANT_CONVERSION = YES;
				CLANG_WARN_DIRECT_OBJC_ISA_USAGE = YES_ERROR;
				CLANG_WARN_EMPTY_BODY = YES;
				CLANG_WARN_ENUM_CONVERSION = YES;
				CLANG_WARN_INT_CONVERSION = YES;
				CLANG_WARN_OBJC_ROOT_CLASS = YES_ERROR;
				CLANG_WARN_UNREACHABLE_CODE = YES;
				CLANG_WARN__DUPLICATE_METHOD_MATCH = YES;
				"CODE_SIGN_IDENTITY[sdk=iphoneos*]" = "iPhone Developer";
				COPY_PHASE_STRIP = NO;
				DEBUG_INFORMATION_FORMAT = "dwarf-with-dsym";
				ENABLE_STRICT_OBJC_MSGSEND = YES;
				GCC_C_LANGUAGE_STANDARD = gnu99;
				GCC_DYNAMIC_NO_PIC = NO;
				GCC_NO_COMMON_BLOCKS = YES;
				GCC_OPTIMIZATION_LEVEL = 0;
				GCC_PREPROCESSOR_DEFINITIONS = (
					"DEBUG=1",
					"$(inherited)",
				);
				GCC_SYMBOLS_PRIVATE_EXTERN = NO;
				GCC_WARN_64_TO_32_BIT_CONVERSION = YES;
				GCC_WARN_ABOUT_RETURN_TYPE = YES_ERROR;
				GCC_WARN_UNDECLARED_SELECTOR = YES;
				GCC_WARN_UNINITIALIZED_AUTOS = YES_AGGRESSIVE;
				GCC_WARN_UNUSED_FUNCTION = YES;
				GCC_WARN_UNUSED_VARIABLE = YES;
				IPHONEOS_DEPLOYMENT_TARGET = 8.3;
				MTL_ENABLE_DEBUG_INFO = YES;
				ONLY_ACTIVE_ARCH = YES;
				SDKROOT = iphoneos;
			};
			name = Debug;
		};
		FAFDE02D1B052CDA00F74D45 /* Release */ = {
			isa = XCBuildConfiguration;
			buildSettings = {
				ALWAYS_SEARCH_USER_PATHS = NO;
				CLANG_CXX_LANGUAGE_STANDARD = "gnu++0x";
				CLANG_CXX_LIBRARY = "libc++";
				CLANG_ENABLE_MODULES = YES;
				CLANG_ENABLE_OBJC_ARC = YES;
				CLANG_WARN_BOOL_CONVERSION = YES;
				CLANG_WARN_CONSTANT_CONVERSION = YES;
				CLANG_WARN_DIRECT_OBJC_ISA_USAGE = YES_ERROR;
				CLANG_WARN_EMPTY_BODY = YES;
				CLANG_WARN_ENUM_CONVERSION = YES;
				CLANG_WARN_INT_CONVERSION = YES;
				CLANG_WARN_OBJC_ROOT_CLASS = YES_ERROR;
				CLANG_WARN_UNREACHABLE_CODE = YES;
				CLANG_WARN__DUPLICATE_METHOD_MATCH = YES;
				"CODE_SIGN_IDENTITY[sdk=iphoneos*]" = "iPhone Developer";
				COPY_PHASE_STRIP = NO;
				DEBUG_INFORMATION_FORMAT = "dwarf-with-dsym";
				ENABLE_NS_ASSERTIONS = NO;
				ENABLE_STRICT_OBJC_MSGSEND = YES;
				GCC_C_LANGUAGE_STANDARD = gnu99;
				GCC_NO_COMMON_BLOCKS = YES;
				GCC_WARN_64_TO_32_BIT_CONVERSION = YES;
				GCC_WARN_ABOUT_RETURN_TYPE = YES_ERROR;
				GCC_WARN_UNDECLARED_SELECTOR = YES;
				GCC_WARN_UNINITIALIZED_AUTOS = YES_AGGRESSIVE;
				GCC_WARN_UNUSED_FUNCTION = YES;
				GCC_WARN_UNUSED_VARIABLE = YES;
				IPHONEOS_DEPLOYMENT_TARGET = 8.3;
				MTL_ENABLE_DEBUG_INFO = NO;
				SDKROOT = iphoneos;
				VALIDATE_PRODUCT = YES;
			};
			name = Release;
		};
		FAFDE02F1B052CDA00F74D45 /* Debug */ = {
			isa = XCBuildConfiguration;
			buildSettings = {
				ASSETCATALOG_COMPILER_APPICON_NAME = AppIcon;
				ASSETCATALOG_COMPILER_LAUNCHIMAGE_NAME = LaunchImage;
				CODE_SIGN_ENTITLEMENTS = MovesInContact.entitlements;
				CODE_SIGN_IDENTITY = "iPhone Developer";
				DEPLOYMENT_LOCATION = NO;
				INFOPLIST_FILE = Info.plist;
				IPHONEOS_DEPLOYMENT_TARGET = 8.3;
				LD_RUNPATH_SEARCH_PATHS = "$(inherited) @executable_path/Frameworks";
				PRODUCT_NAME = "$(TARGET_NAME)";
				PROVISIONING_PROFILE = "";
			};
			name = Debug;
		};
		FAFDE0301B052CDA00F74D45 /* Release */ = {
			isa = XCBuildConfiguration;
			buildSettings = {
				ASSETCATALOG_COMPILER_APPICON_NAME = AppIcon;
				ASSETCATALOG_COMPILER_LAUNCHIMAGE_NAME = LaunchImage;
				CODE_SIGN_ENTITLEMENTS = MovesInContact.entitlements;
				CODE_SIGN_IDENTITY = "iPhone Developer";
				DEPLOYMENT_LOCATION = NO;
				INFOPLIST_FILE = Info.plist;
				IPHONEOS_DEPLOYMENT_TARGET = 8.3;
				LD_RUNPATH_SEARCH_PATHS = "$(inherited) @executable_path/Frameworks";
				PRODUCT_NAME = "$(TARGET_NAME)";
				PROVISIONING_PROFILE = "";
			};
			name = Release;
		};
		FAFDE0321B052CDA00F74D45 /* Debug */ = {
			isa = XCBuildConfiguration;
			buildSettings = {
				BUNDLE_LOADER = "$(TEST_HOST)";
				FRAMEWORK_SEARCH_PATHS = (
					"$(SDKROOT)/Developer/Library/Frameworks",
					"$(inherited)",
				);
				GCC_PREPROCESSOR_DEFINITIONS = (
					"DEBUG=1",
					"$(inherited)",
				);
				INFOPLIST_FILE = MovesInContactTests/Info.plist;
				LD_RUNPATH_SEARCH_PATHS = "$(inherited) @executable_path/Frameworks @loader_path/Frameworks";
				PRODUCT_NAME = "$(TARGET_NAME)";
				TEST_HOST = "$(BUILT_PRODUCTS_DIR)/MovesInContact.app/MovesInContact";
			};
			name = Debug;
		};
		FAFDE0331B052CDA00F74D45 /* Release */ = {
			isa = XCBuildConfiguration;
			buildSettings = {
				BUNDLE_LOADER = "$(TEST_HOST)";
				FRAMEWORK_SEARCH_PATHS = (
					"$(SDKROOT)/Developer/Library/Frameworks",
					"$(inherited)",
				);
				INFOPLIST_FILE = MovesInContactTests/Info.plist;
				LD_RUNPATH_SEARCH_PATHS = "$(inherited) @executable_path/Frameworks @loader_path/Frameworks";
				PRODUCT_NAME = "$(TARGET_NAME)";
				TEST_HOST = "$(BUILT_PRODUCTS_DIR)/MovesInContact.app/MovesInContact";
			};
			name = Release;
		};
/* End XCBuildConfiguration section */

/* Begin XCConfigurationList section */
		FAFDE0001B052CDA00F74D45 /* Build configuration list for PBXProject "MovesInContact" */ = {
			isa = XCConfigurationList;
			buildConfigurations = (
				FAFDE02C1B052CDA00F74D45 /* Debug */,
				FAFDE02D1B052CDA00F74D45 /* Release */,
			);
			defaultConfigurationIsVisible = 0;
			defaultConfigurationName = Release;
		};
		FAFDE02E1B052CDA00F74D45 /* Build configuration list for PBXNativeTarget "MovesInContact" */ = {
			isa = XCConfigurationList;
			buildConfigurations = (
				FAFDE02F1B052CDA00F74D45 /* Debug */,
				FAFDE0301B052CDA00F74D45 /* Release */,
			);
			defaultConfigurationIsVisible = 0;
			defaultConfigurationName = Release;
		};
		FAFDE0311B052CDA00F74D45 /* Build configuration list for PBXNativeTarget "MovesInContactTests" */ = {
			isa = XCConfigurationList;
			buildConfigurations = (
				FAFDE0321B052CDA00F74D45 /* Debug */,
				FAFDE0331B052CDA00F74D45 /* Release */,
			);
			defaultConfigurationIsVisible = 0;
			defaultConfigurationName = Release;
		};
/* End XCConfigurationList section */

/* Begin XCVersionGroup section */
		FAFDE00F1B052CDA00F74D45 /* MovesInContact.xcdatamodeld */ = {
			isa = XCVersionGroup;
			children = (
				FAFDE0101B052CDA00F74D45 /* MovesInContact.xcdatamodel */,
			);
			currentVersion = FAFDE0101B052CDA00F74D45 /* MovesInContact.xcdatamodel */;
			path = MovesInContact.xcdatamodeld;
			sourceTree = "<group>";
			versionGroupType = wrapper.xcdatamodel;
		};
/* End XCVersionGroup section */
	};
	rootObject = FAFDDFFD1B052CDA00F74D45 /* Project object */;
}
